hash: ffc7dd474098c37571b3097df4d1bac7282bd9d9176fc6b3b0c553302c76e829
updated: 2017-08-19T02:10:13.329219103+03:00
imports:
- name: github.com/coocood/freecache
  version: a47e26eb67ac2657e4b5a62b1975bb2b65e0b8b3
- name: github.com/golang/groupcache
  version: b710c8433bd175204919eb38776e944233235d03
  subpackages:
  - singleflight
- name: github.com/klauspost/compress
  version: e80ca55b53e5e6f53deed5c7842e7b7da95e1dc7
  subpackages:
  - flate
  - gzip
  - zlib
- name: github.com/klauspost/cpuid
  version: 09cded8978dc9e80714c4d85b0322337b0a1e5e0
- name: github.com/mailru/easyjson
  version: 2f5df55504ebc322e4d52d34df6a1f5b503bf26d
  subpackages:
  - buffer
  - jlexer
  - jwriter
- name: github.com/spaolacci/murmur3
  version: 4ec5a0f56d4fc178129a8433576bf6f2fe672a9e
- name: github.com/valyala/fasthttp
  version: d42167fd04f636e20b005e9934159e95454233c7
  subpackages:
  - fasthttputil
- name: github.com/valyala/tcplisten
  version: ceec8f93295a060cdb565ec25e4ccf17941dbd55
testImports: []
